
Microsoft Visual Studio Solution File, Format Version 10.00
# Visual Studio 2008
Project("{FAE04EC0-301F-11D3-BF4B-00C04F79EFBC}") = "Spray_application_program", "Spray_application_program\Spray_application_program.csproj", "{EA1B2A56-A867-475C-BDF9-4522E453019D}"
EndProject
Global
	GlobalSection(SolutionConfigurationPlatforms) = preSolution
		Debug|Any CPU = Debug|Any CPU
		Release|Any CPU = Release|Any CPU
	EndGlobalSection
	GlobalSection(ProjectConfigurationPlatforms) = postSolution
		{EA1B2A56-A867-475C-BDF9-4522E453019D}.Debug|Any CPU.ActiveCfg = Debug|Any CPU
		{EA1B2A56-A867-475C-BDF9-4522E453019D}.Debug|Any CPU.Build.0 = Debug|Any CPU
		{EA1B2A56-A867-475C-BDF9-4522E453019D}.Release|Any CPU.ActiveCfg = Release|Any CPU
		{EA1B2A56-A867-475C-BDF9-4522E453019D}.Release|Any CPU.Build.0 = Release|Any CPU
	EndGlobalSection
	GlobalSection(SolutionProperties) = preSolution
		HideSolutionNode = FALSE
	EndGlobalSection
EndGlobal
